{
  "name": "chat-app-2025",
  "lockfileVersion": 3,
  "requires": true,
  "packages": {
    "": {
      "dependencies": {
        "react-notification-badge": "^1.5.1"
      }
    },
    "node_modules/core-js": {
      "version": "3.42.0",
      "resolved": "https://registry.npmjs.org/core-js/-/core-js-3.42.0.tgz",
      "integrity": "sha512-Sz4PP4ZA+Rq4II21qkNqOEDTDrCvcANId3xpIgB34NDkWc3UduWj2dqEtN9yZIq8Dk3HyPI33x9sqqU5C8sr0g==",
      "hasInstallScript": true,
      "license": "MIT",
      "funding": {
        "type": "opencollective",
        "url": "https://opencollective.com/core-js"
      }
    },
    "node_modules/react-notification-badge": {
      "version": "1.5.1",
      "resolved": "https://registry.npmjs.org/react-notification-badge/-/react-notification-badge-1.5.1.tgz",
      "integrity": "sha512-4/kFrQcJ7eMfYh9SdXXgBaaEDCIV7UsLX5bgSS1aj+OnX2OpIFTatY3Dclo8qLpkX+Ue6x0Aiib+U9dkDKrSwQ==",
      "license": "MIT",
      "dependencies": {
        "core-js": "3"
      },
      "peerDependencies": {
        "prop-types": "^15.7.2",
        "react": "^16.8.6",
        "react-dom": "^16.8.6"
      }
    }
  }
}
